// !$*UTF8*$!
{
	archiveVersion = 1;
	classes = {
	};
	objectVersion = 48;
	objects = {

/* Begin PBXBuildFile section */
		C68D40EC1FCEBDC6003D2F05 /* AppDelegate.swift in Sources */ = {isa = PBXBuildFile; fileRef = C68D40EB1FCEBDC6003D2F05 /* AppDelegate.swift */; };
		C68D40EE1FCEBDC6003D2F05 /* ViewController.swift in Sources */ = {isa = PBXBuildFile; fileRef = C68D40ED1FCEBDC6003D2F05 /* ViewController.swift */; };
		C68D40F11FCEBDC6003D2F05 /* Main.storyboard in Resources */ = {isa = PBXBuildFile; fileRef = C68D40EF1FCEBDC6003D2F05 /* Main.storyboard */; };
		C68D40F31FCEBDC6003D2F05 /* Assets.xcassets in Resources */ = {isa = PBXBuildFile; fileRef = C68D40F21FCEBDC6003D2F05 /* Assets.xcassets */; };
		C68D40F61FCEBDC6003D2F05 /* LaunchScreen.storyboard in Resources */ = {isa = PBXBuildFile; fileRef = C68D40F41FCEBDC6003D2F05 /* LaunchScreen.storyboard */; };
		C68D41031FCEBE72003D2F05 /* AMLineView.swift in Sources */ = {isa = PBXBuildFile; fileRef = C68D41001FCEBE71003D2F05 /* AMLineView.swift */; };
		C68D41041FCEBE72003D2F05 /* AMTabButton.swift in Sources */ = {isa = PBXBuildFile; fileRef = C68D41011FCEBE71003D2F05 /* AMTabButton.swift */; };
		C68D41051FCEBE72003D2F05 /* AMPagerTabsViewController.swift in Sources */ = {isa = PBXBuildFile; fileRef = C68D41021FCEBE71003D2F05 /* AMPagerTabsViewController.swift */; };
/* End PBXBuildFile section */

/* Begin PBXFileReference section */
		C68D40E81FCEBDC6003D2F05 /* AMPagerTabs.app */ = {isa = PBXFileReference; explicitFileType = wrapper.application; includeInIndex = 0; path = AMPagerTabs.app; sourceTree = BUILT_PRODUCTS_DIR; };
		C68D40EB1FCEBDC6003D2F05 /* AppDelegate.swift */ = {isa = PBXFileReference; lastKnownFileType = sourcecode.swift; path = AppDelegate.swift; sourceTree = "<group>"; };
		C68D40ED1FCEBDC6003D2F05 /* ViewController.swift */ = {isa = PBXFileReference; lastKnownFileType = sourcecode.swift; path = ViewController.swift; sourceTree = "<group>"; };
		C68D40F01FCEBDC6003D2F05 /* Base */ = {isa = PBXFileReference; lastKnownFileType = file.storyboard; name = Base; path = Base.lproj/Main.storyboard; sourceTree = "<group>"; };
		C68D40F21FCEBDC6003D2F05 /* Assets.xcassets */ = {isa = PBXFileReference; lastKnownFileType = folder.assetcatalog; path = Assets.xcassets; sourceTree = "<group>"; };
		C68D40F51FCEBDC6003D2F05 /* Base */ = {isa = PBXFileReference; lastKnownFileType = file.storyboard; name = Base; path = Base.lproj/LaunchScreen.storyboard; sourceTree = "<group>"; };
		C68D40F71FCEBDC6003D2F05 /* Info.plist */ = {isa = PBXFileReference; lastKnownFileType = text.plist.xml; path = Info.plist; sourceTree = "<group>"; };
		C68D41001FCEBE71003D2F05 /* AMLineView.swift */ = {isa = PBXFileReference; fileEncoding = 4; lastKnownFileType = sourcecode.swift; path = AMLineView.swift; sourceTree = "<group>"; };
		C68D41011FCEBE71003D2F05 /* AMTabButton.swift */ = {isa = PBXFileReference; fileEncoding = 4; lastKnownFileType = sourcecode.swift; path = AMTabButton.swift; sourceTree = "<group>"; };
		C68D41021FCEBE71003D2F05 /* AMPagerTabsViewController.swift */ = {isa = PBXFileReference; fileEncoding = 4; lastKnownFileType = sourcecode.swift; path = AMPagerTabsViewController.swift; sourceTree = "<group>"; };
/* End PBXFileReference section */

/* Begin PBXFrameworksBuildPhase section */
		C68D40E51FCEBDC6003D2F05 /* Frameworks */ = {
			isa = PBXFrameworksBuildPhase;
			buildActionMask = 2147483647;
			files = (
			);
			runOnlyForDeploymentPostprocessing = 0;
		};
/* End PBXFrameworksBuildPhase section */

/* Begin PBXGroup section */
		C68D40DF1FCEBDC6003D2F05 = {
			isa = PBXGroup;
			children = (
				C68D40EA1FCEBDC6003D2F05 /* AMPagerTabs */,
				C68D40E91FCEBDC6003D2F05 /* Products */,
			);
			sourceTree = "<group>";
		};
		C68D40E91FCEBDC6003D2F05 /* Products */ = {
			isa = PBXGroup;
			children = (
				C68D40E81FCEBDC6003D2F05 /* AMPagerTabs.app */,
			);
			name = Products;
			sourceTree = "<group>";
		};
		C68D40EA1FCEBDC6003D2F05 /* AMPagerTabs */ = {
			isa = PBXGroup;
			children = (
				C68D40EB1FCEBDC6003D2F05 /* AppDelegate.swift */,
				C68D40ED1FCEBDC6003D2F05 /* ViewController.swift */,
				C68D40FF1FCEBE44003D2F05 /* AMPagerTabs */,
				C68D40FD1FCEBDCF003D2F05 /* Screens */,
				C68D40FE1FCEBDDA003D2F05 /* SupportFiles */,
			);
			path = AMPagerTabs;
			sourceTree = "<group>";
		};
		C68D40FD1FCEBDCF003D2F05 /* Screens */ = {
			isa = PBXGroup;
			children = (
				C68D40EF1FCEBDC6003D2F05 /* Main.storyboard */,
				C68D40F41FCEBDC6003D2F05 /* LaunchScreen.storyboard */,
			);
			path = Screens;
			sourceTree = "<group>";
		};
		C68D40FE1FCEBDDA003D2F05 /* SupportFiles */ = {
			isa = PBXGroup;
			children = (
				C68D40F71FCEBDC6003D2F05 /* Info.plist */,
				C68D40F21FCEBDC6003D2F05 /* Assets.xcassets */,
			);
			path = SupportFiles;
			sourceTree = "<group>";
		};
		C68D40FF1FCEBE44003D2F05 /* AMPagerTabs */ = {
			isa = PBXGroup;
			children = (
				C68D41001FCEBE71003D2F05 /* AMLineView.swift */,
				C68D41011FCEBE71003D2F05 /* AMTabButton.swift */,
				C68D41021FCEBE71003D2F05 /* AMPagerTabsViewController.swift */,
			);
			path = AMPagerTabs;
			sourceTree = "<group>";
		};
/* End PBXGroup section */

/* Begin PBXNativeTarget section */
		C68D40E71FCEBDC6003D2F05 /* AMPagerTabs */ = {
			isa = PBXNativeTarget;
			buildConfigurationList = C68D40FA1FCEBDC6003D2F05 /* Build configuration list for PBXNativeTarget "AMPagerTabs" */;
			buildPhases = (
				C68D40E41FCEBDC6003D2F05 /* Sources */,
				C68D40E51FCEBDC6003D2F05 /* Frameworks */,
				C68D40E61FCEBDC6003D2F05 /* Resources */,
			);
			buildRules = (
			);
			dependencies = (
			);
			name = AMPagerTabs;
			productName = AMPagerTabs;
			productReference = C68D40E81FCEBDC6003D2F05 /* AMPagerTabs.app */;
			productType = "com.apple.product-type.application";
		};
/* End PBXNativeTarget section */

/* Begin PBXProject section */
		C68D40E01FCEBDC6003D2F05 /* Project object */ = {
			isa = PBXProject;
			attributes = {
				LastSwiftUpdateCheck = 0910;
				LastUpgradeCheck = 0910;
				ORGANIZATIONNAME = Sharq;
				TargetAttributes = {
					C68D40E71FCEBDC6003D2F05 = {
						CreatedOnToolsVersion = 9.1;
						ProvisioningStyle = Automatic;
					};
				};
			};
			buildConfigurationList = C68D40E31FCEBDC6003D2F05 /* Build configuration list for PBXProject "AMPagerTabs" */;
			compatibilityVersion = "Xcode 8.0";
			developmentRegion = en;
			hasScannedForEncodings = 0;
			knownRegions = (
				en,
				Base,
			);
			mainGroup = C68D40DF1FCEBDC6003D2F05;
			productRefGroup = C68D40E91FCEBDC6003D2F05 /* Products */;
			projectDirPath = "";
			projectRoot = "";
			targets = (
				C68D40E71FCEBDC6003D2F05 /* AMPagerTabs */,
			);
		};
/* End PBXProject section */

/* Begin PBXResourcesBuildPhase section */
		C68D40E61FCEBDC6003D2F05 /* Resources */ = {
			isa = PBXResourcesBuildPhase;
			buildActionMask = 2147483647;
			files = (
				C68D40F61FCEBDC6003D2F05 /* LaunchScreen.storyboard in Resources */,
				C68D40F31FCEBDC6003D2F05 /* Assets.xcassets in Resources */,
				C68D40F11FCEBDC6003D2F05 /* Main.storyboard in Resources */,
			);
			runOnlyForDeploymentPostprocessing = 0;
		};
/* End PBXResourcesBuildPhase section */

/* Begin PBXSourcesBuildPhase section */
		C68D40E41FCEBDC6003D2F05 /* Sources */ = {
			isa = PBXSourcesBuildPhase;
			buildActionMask = 2147483647;
			files = (
				C68D40EE1FCEBDC6003D2F05 /* ViewController.swift in Sources */,
				C68D41051FCEBE72003D2F05 /* AMPagerTabsViewController.swift in Sources */,
				C68D41041FCEBE72003D2F05 /* AMTabButton.swift in Sources */,
				C68D41031FCEBE72003D2F05 /* AMLineView.swift in Sources */,
				C68D40EC1FCEBDC6003D2F05 /* AppDelegate.swift in Sources */,
			);
			runOnlyForDeploymentPostprocessing = 0;
		};
/* End PBXSourcesBuildPhase section */

/* Begin PBXVariantGroup section */
		C68D40EF1FCEBDC6003D2F05 /* Main.storyboard */ = {
			isa = PBXVariantGroup;
			children = (
				C68D40F01FCEBDC6003D2F05 /* Base */,
			);
			name = Main.storyboard;
			sourceTree = "<group>";
		};
		C68D40F41FCEBDC6003D2F05 /* LaunchScreen.storyboard */ = {
			isa = PBXVariantGroup;
			children = (
				C68D40F51FCEBDC6003D2F05 /* Base */,
			);
			name = LaunchScreen.storyboard;
			sourceTree = "<group>";
		};
/* End PBXVariantGroup section */

/* Begin XCBuildConfiguration section */
		C68D40F81FCEBDC6003D2F05 /* Debug */ = {
			isa = XCBuildConfiguration;
			buildSettings = {
				ALWAYS_SEARCH_USER_PATHS = NO;
				CLANG_ANALYZER_NONNULL = YES;
				CLANG_ANALYZER_NUMBER_OBJECT_CONVERSION = YES_AGGRESSIVE;
				CLANG_CXX_LANGUAGE_STANDARD = "gnu++14";
				CLANG_CXX_LIBRARY = "libc++";
				CLANG_ENABLE_MODULES = YES;
				CLANG_ENABLE_OBJC_ARC = YES;
				CLANG_WARN_BLOCK_CAPTURE_AUTORELEASING = YES;
				CLANG_WARN_BOOL_CONVERSION = YES;
				CLANG_WARN_COMMA = YES;
				CLANG_WARN_CONSTANT_CONVERSION = YES;
				CLANG_WARN_DIRECT_OBJC_ISA_USAGE = YES_ERROR;
				CLANG_WARN_DOCUMENTATION_COMMENTS = YES;
				CLANG_WARN_EMPTY_BODY = YES;
				CLANG_WARN_ENUM_CONVERSION = YES;
				CLANG_WARN_INFINITE_RECURSION = YES;
				CLANG_WARN_INT_CONVERSION = YES;
				CLANG_WARN_NON_LITERAL_NULL_CONVERSION = YES;
				CLANG_WARN_OBJC_LITERAL_CONVERSION = YES;
				CLANG_WARN_OBJC_ROOT_CLASS = YES_ERROR;
				CLANG_WARN_RANGE_LOOP_ANALYSIS = YES;
				CLANG_WARN_STRICT_PROTOTYPES = YES;
				CLANG_WARN_SUSPICIOUS_MOVE = YES;
				CLANG_WARN_UNGUARDED_AVAILABILITY = YES_AGGRESSIVE;
				CLANG_WARN_UNREACHABLE_CODE = YES;
				CLANG_WARN__DUPLICATE_METHOD_MATCH = YES;
				CODE_SIGN_IDENTITY = "iPhone Developer";
				COPY_PHASE_STRIP = NO;
				DEBUG_INFORMATION_FORMAT = dwarf;
				ENABLE_STRICT_OBJC_MSGSEND = YES;
				ENABLE_TESTABILITY = YES;
				GCC_C_LANGUAGE_STANDARD = gnu11;
				GCC_DYNAMIC_NO_PIC = NO;
				GCC_NO_COMMON_BLOCKS = YES;
				GCC_OPTIMIZATION_LEVEL = 0;
				GCC_PREPROCESSOR_DEFINITIONS = (
					"DEBUG=1",
					"$(inherited)",
				);
				GCC_WARN_64_TO_32_BIT_CONVERSION = YES;
				GCC_WARN_ABOUT_RETURN_TYPE = YES_ERROR;
				GCC_WARN_UNDECLARED_SELECTOR = YES;
				GCC_WARN_UNINITIALIZED_AUTOS = YES_AGGRESSIVE;
				GCC_WARN_UNUSED_FUNCTION = YES;
				GCC_WARN_UNUSED_VARIABLE = YES;
				IPHONEOS_DEPLOYMENT_TARGET = 11.1;
				MTL_ENABLE_DEBUG_INFO = YES;
				ONLY_ACTIVE_ARCH = YES;
				SDKROOT = iphoneos;
				SWIFT_ACTIVE_COMPILATION_CONDITIONS = DEBUG;
				SWIFT_OPTIMIZATION_LEVEL = "-Onone";
			};
			name = Debug;
		};
		C68D40F91FCEBDC6003D2F05 /* Release */ = {
			isa = XCBuildConfiguration;
			buildSettings = {
				ALWAYS_SEARCH_USER_PATHS = NO;
				CLANG_ANALYZER_NONNULL = YES;
				CLANG_ANALYZER_NUMBER_OBJECT_CONVERSION = YES_AGGRESSIVE;
				CLANG_CXX_LANGUAGE_STANDARD = "gnu++14";
				CLANG_CXX_LIBRARY = "libc++";
				CLANG_ENABLE_MODULES = YES;
				CLANG_ENABLE_OBJC_ARC = YES;
				CLANG_WARN_BLOCK_CAPTURE_AUTORELEASING = YES;
				CLANG_WARN_BOOL_CONVERSION = YES;
				CLANG_WARN_COMMA = YES;
				CLANG_WARN_CONSTANT_CONVERSION = YES;
				CLANG_WARN_DIRECT_OBJC_ISA_USAGE = YES_ERROR;
				CLANG_WARN_DOCUMENTATION_COMMENTS = YES;
				CLANG_WARN_EMPTY_BODY = YES;
				CLANG_WARN_ENUM_CONVERSION = YES;
				CLANG_WARN_INFINITE_RECURSION = YES;
				CLANG_WARN_INT_CONVERSION = YES;
				CLANG_WARN_NON_LITERAL_NULL_CONVERSION = YES;
				CLANG_WARN_OBJC_LITERAL_CONVERSION = YES;
				CLANG_WARN_OBJC_ROOT_CLASS = YES_ERROR;
				CLANG_WARN_RANGE_LOOP_ANALYSIS = YES;
				CLANG_WARN_STRICT_PROTOTYPES = YES;
				CLANG_WARN_SUSPICIOUS_MOVE = YES;
				CLANG_WARN_UNGUARDED_AVAILABILITY = YES_AGGRESSIVE;
				CLANG_WARN_UNREACHABLE_CODE = YES;
				CLANG_WARN__DUPLICATE_METHOD_MATCH = YES;
				CODE_SIGN_IDENTITY = "iPhone Developer";
				COPY_PHASE_STRIP = NO;
				DEBUG_INFORMATION_FORMAT = "dwarf-with-dsym";
				ENABLE_NS_ASSERTIONS = NO;
				ENABLE_STRICT_OBJC_MSGSEND = YES;
				GCC_C_LANGUAGE_STANDARD = gnu11;
				GCC_NO_COMMON_BLOCKS = YES;
				GCC_WARN_64_TO_32_BIT_CONVERSION = YES;
				GCC_WARN_ABOUT_RETURN_TYPE = YES_ERROR;
				GCC_WARN_UNDECLARED_SELECTOR = YES;
				GCC_WARN_UNINITIALIZED_AUTOS = YES_AGGRESSIVE;
				GCC_WARN_UNUSED_FUNCTION = YES;
				GCC_WARN_UNUSED_VARIABLE = YES;
				IPHONEOS_DEPLOYMENT_TARGET = 11.1;
				MTL_ENABLE_DEBUG_INFO = NO;
				SDKROOT = iphoneos;
				SWIFT_OPTIMIZATION_LEVEL = "-Owholemodule";
				VALIDATE_PRODUCT = YES;
			};
			name = Release;
		};
		C68D40FB1FCEBDC6003D2F05 /* Debug */ = {
			isa = XCBuildConfiguration;
			buildSettings = {
				ASSETCATALOG_COMPILER_APPICON_NAME = AppIcon;
				CODE_SIGN_STYLE = Automatic;
				DEVELOPMENT_TEAM = H3MRF55H66;
				INFOPLIST_FILE = "$(SRCROOT)/AMPagerTabs/SupportFiles/Info.plist";
				IPHONEOS_DEPLOYMENT_TARGET = 10.0;
				LD_RUNPATH_SEARCH_PATHS = "$(inherited) @executable_path/Frameworks";
				PRODUCT_BUNDLE_IDENTIFIER = abedalkareem.AMPagerTabs;
				PRODUCT_NAME = "$(TARGET_NAME)";
				SWIFT_VERSION = 4.0;
				TARGETED_DEVICE_FAMILY = "1,2";
			};
			name = Debug;
		};
		C68D40FC1FCEBDC6003D2F05 /* Release */ = {
			isa = XCBuildConfiguration;
			buildSettings = {
				ASSETCATALOG_COMPILER_APPICON_NAME = AppIcon;
				CODE_SIGN_STYLE = Automatic;
				DEVELOPMENT_TEAM = H3MRF55H66;
				INFOPLIST_FILE = "$(SRCROOT)/AMPagerTabs/SupportFiles/Info.plist";
				IPHONEOS_DEPLOYMENT_TARGET = 10.0;
				LD_RUNPATH_SEARCH_PATHS = "$(inherited) @executable_path/Frameworks";
				PRODUCT_BUNDLE_IDENTIFIER = abedalkareem.AMPagerTabs;
				PRODUCT_NAME = "$(TARGET_NAME)";
				SWIFT_VERSION = 4.0;
				TARGETED_DEVICE_FAMILY = "1,2";
			};
			name = Release;
		};
/* End XCBuildConfiguration section */

/* Begin XCConfigurationList section */
		C68D40E31FCEBDC6003D2F05 /* Build configuration list for PBXProject "AMPagerTabs" */ = {
			isa = XCConfigurationList;
			buildConfigurations = (
				C68D40F81FCEBDC6003D2F05 /* Debug */,
				C68D40F91FCEBDC6003D2F05 /* Release */,
			);
			defaultConfigurationIsVisible = 0;
			defaultConfigurationName = Release;
		};
		C68D40FA1FCEBDC6003D2F05 /* Build configuration list for PBXNativeTarget "AMPagerTabs" */ = {
			isa = XCConfigurationList;
			buildConfigurations = (
				C68D40FB1FCEBDC6003D2F05 /* Debug */,
				C68D40FC1FCEBDC6003D2F05 /* Release */,
			);
			defaultConfigurationIsVisible = 0;
			defaultConfigurationName = Release;
		};
/* End XCConfigurationList section */
	};
	rootObject = C68D40E01FCEBDC6003D2F05 /* Project object */;
}
